
Microsoft Visual Studio Solution File, Format Version 12.00
# Visual Studio Version 16
VisualStudioVersion = 16.0.33027.164
MinimumVisualStudioVersion = 10.0.40219.1
Project("{FAE04EC0-301F-11D3-BF4B-00C04F79EFBC}") = "ApartmanYonetimi", "ApartmanYonetimi\ApartmanYonetimi.csproj", "{A020CDA8-0288-47A4-8513-4333A3631E77}"
EndProject
Global
	GlobalSection(SolutionConfigurationPlatforms) = preSolution
		Debug|Any CPU = Debug|Any CPU
		Release|Any CPU = Release|Any CPU
	EndGlobalSection
	GlobalSection(ProjectConfigurationPlatforms) = postSolution
		{A020CDA8-0288-47A4-8513-4333A3631E77}.Debug|Any CPU.ActiveCfg = Debug|Any CPU
		{A020CDA8-0288-47A4-8513-4333A3631E77}.Debug|Any CPU.Build.0 = Debug|Any CPU
		{A020CDA8-0288-47A4-8513-4333A3631E77}.Release|Any CPU.ActiveCfg = Release|Any CPU
		{A020CDA8-0288-47A4-8513-4333A3631E77}.Release|Any CPU.Build.0 = Release|Any CPU
	EndGlobalSection
	GlobalSection(SolutionProperties) = preSolution
		HideSolutionNode = FALSE
	EndGlobalSection
	GlobalSection(ExtensibilityGlobals) = postSolution
		SolutionGuid = {A29976A2-7FED-495A-8B6C-A6F2A7F9B245}
	EndGlobalSection
EndGlobal
